// !$*UTF8*$!
{
	archiveVersion = 1;
	classes = {
	};
	objectVersion = 56;
	objects = {

/* Begin PBXBuildFile section */
		F7A629A62A6A0B4D00B00459 /* VolunTeen_AZApp.swift in Sources */ = {isa = PBXBuildFile; fileRef = F7A629A52A6A0B4D00B00459 /* VolunTeen_AZApp.swift */; };
		F7A629A82A6A0B4D00B00459 /* ContentView.swift in Sources */ = {isa = PBXBuildFile; fileRef = F7A629A72A6A0B4D00B00459 /* ContentView.swift */; };
		F7A629AA2A6A0B4E00B00459 /* Assets.xcassets in Resources */ = {isa = PBXBuildFile; fileRef = F7A629A92A6A0B4E00B00459 /* Assets.xcassets */; };
		F7A629AD2A6A0B4E00B00459 /* Preview Assets.xcassets in Resources */ = {isa = PBXBuildFile; fileRef = F7A629AC2A6A0B4E00B00459 /* Preview Assets.xcassets */; };
		F7A629B72A6A0B4E00B00459 /* VolunTeen_AZTests.swift in Sources */ = {isa = PBXBuildFile; fileRef = F7A629B62A6A0B4E00B00459 /* VolunTeen_AZTests.swift */; };
		F7A629C12A6A0B4E00B00459 /* VolunTeen_AZUITests.swift in Sources */ = {isa = PBXBuildFile; fileRef = F7A629C02A6A0B4E00B00459 /* VolunTeen_AZUITests.swift */; };
		F7A629C32A6A0B4E00B00459 /* VolunTeen_AZUITestsLaunchTests.swift in Sources */ = {isa = PBXBuildFile; fileRef = F7A629C22A6A0B4E00B00459 /* VolunTeen_AZUITestsLaunchTests.swift */; };
/* End PBXBuildFile section */

/* Begin PBXContainerItemProxy section */
		F7A629B32A6A0B4E00B00459 /* PBXContainerItemProxy */ = {
			isa = PBXContainerItemProxy;
			containerPortal = F7A6299A2A6A0B4D00B00459 /* Project object */;
			proxyType = 1;
			remoteGlobalIDString = F7A629A12A6A0B4D00B00459;
			remoteInfo = "VolunTeen AZ";
		};
		F7A629BD2A6A0B4E00B00459 /* PBXContainerItemProxy */ = {
			isa = PBXContainerItemProxy;
			containerPortal = F7A6299A2A6A0B4D00B00459 /* Project object */;
			proxyType = 1;
			remoteGlobalIDString = F7A629A12A6A0B4D00B00459;
			remoteInfo = "VolunTeen AZ";
		};
/* End PBXContainerItemProxy section */

/* Begin PBXFileReference section */
		F7A629A22A6A0B4D00B00459 /* VolunTeen AZ.app */ = {isa = PBXFileReference; explicitFileType = wrapper.application; includeInIndex = 0; path = "VolunTeen AZ.app"; sourceTree = BUILT_PRODUCTS_DIR; };
		F7A629A52A6A0B4D00B00459 /* VolunTeen_AZApp.swift */ = {isa = PBXFileReference; lastKnownFileType = sourcecode.swift; path = VolunTeen_AZApp.swift; sourceTree = "<group>"; };
		F7A629A72A6A0B4D00B00459 /* ContentView.swift */ = {isa = PBXFileReference; lastKnownFileType = sourcecode.swift; path = ContentView.swift; sourceTree = "<group>"; };
		F7A629A92A6A0B4E00B00459 /* Assets.xcassets */ = {isa = PBXFileReference; lastKnownFileType = folder.assetcatalog; path = Assets.xcassets; sourceTree = "<group>"; };
		F7A629AC2A6A0B4E00B00459 /* Preview Assets.xcassets */ = {isa = PBXFileReference; lastKnownFileType = folder.assetcatalog; path = "Preview Assets.xcassets"; sourceTree = "<group>"; };
		F7A629B22A6A0B4E00B00459 /* VolunTeen AZTests.xctest */ = {isa = PBXFileReference; explicitFileType = wrapper.cfbundle; includeInIndex = 0; path = "VolunTeen AZTests.xctest"; sourceTree = BUILT_PRODUCTS_DIR; };
		F7A629B62A6A0B4E00B00459 /* VolunTeen_AZTests.swift */ = {isa = PBXFileReference; lastKnownFileType = sourcecode.swift; path = VolunTeen_AZTests.swift; sourceTree = "<group>"; };
		F7A629BC2A6A0B4E00B00459 /* VolunTeen AZUITests.xctest */ = {isa = PBXFileReference; explicitFileType = wrapper.cfbundle; includeInIndex = 0; path = "VolunTeen AZUITests.xctest"; sourceTree = BUILT_PRODUCTS_DIR; };
		F7A629C02A6A0B4E00B00459 /* VolunTeen_AZUITests.swift */ = {isa = PBXFileReference; lastKnownFileType = sourcecode.swift; path = VolunTeen_AZUITests.swift; sourceTree = "<group>"; };
		F7A629C22A6A0B4E00B00459 /* VolunTeen_AZUITestsLaunchTests.swift */ = {isa = PBXFileReference; lastKnownFileType = sourcecode.swift; path = VolunTeen_AZUITestsLaunchTests.swift; sourceTree = "<group>"; };
/* End PBXFileReference section */

/* Begin PBXFrameworksBuildPhase section */
		F7A6299F2A6A0B4D00B00459 /* Frameworks */ = {
			isa = PBXFrameworksBuildPhase;
			buildActionMask = 2147483647;
			files = (
			);
			runOnlyForDeploymentPostprocessing = 0;
		};
		F7A629AF2A6A0B4E00B00459 /* Frameworks */ = {
			isa = PBXFrameworksBuildPhase;
			buildActionMask = 2147483647;
			files = (
			);
			runOnlyForDeploymentPostprocessing = 0;
		};
		F7A629B92A6A0B4E00B00459 /* Frameworks */ = {
			isa = PBXFrameworksBuildPhase;
			buildActionMask = 2147483647;
			files = (
			);
			runOnlyForDeploymentPostprocessing = 0;
		};
/* End PBXFrameworksBuildPhase section */

/* Begin PBXGroup section */
		F7A629992A6A0B4D00B00459 = {
			isa = PBXGroup;
			children = (
				F7A629A42A6A0B4D00B00459 /* VolunTeen AZ */,
				F7A629B52A6A0B4E00B00459 /* VolunTeen AZTests */,
				F7A629BF2A6A0B4E00B00459 /* VolunTeen AZUITests */,
				F7A629A32A6A0B4D00B00459 /* Products */,
			);
			sourceTree = "<group>";
		};
		F7A629A32A6A0B4D00B00459 /* Products */ = {
			isa = PBXGroup;
			children = (
				F7A629A22A6A0B4D00B00459 /* VolunTeen AZ.app */,
				F7A629B22A6A0B4E00B00459 /* VolunTeen AZTests.xctest */,
				F7A629BC2A6A0B4E00B00459 /* VolunTeen AZUITests.xctest */,
			);
			name = Products;
			sourceTree = "<group>";
		};
		F7A629A42A6A0B4D00B00459 /* VolunTeen AZ */ = {
			isa = PBXGroup;
			children = (
				F7A629A52A6A0B4D00B00459 /* VolunTeen_AZApp.swift */,
				F7A629A72A6A0B4D00B00459 /* ContentView.swift */,
				F7A629A92A6A0B4E00B00459 /* Assets.xcassets */,
				F7A629AB2A6A0B4E00B00459 /* Preview Content */,
			);
			path = "VolunTeen AZ";
			sourceTree = "<group>";
		};
		F7A629AB2A6A0B4E00B00459 /* Preview Content */ = {
			isa = PBXGroup;
			children = (
				F7A629AC2A6A0B4E00B00459 /* Preview Assets.xcassets */,
			);
			path = "Preview Content";
			sourceTree = "<group>";
		};
		F7A629B52A6A0B4E00B00459 /* VolunTeen AZTests */ = {
			isa = PBXGroup;
			children = (
				F7A629B62A6A0B4E00B00459 /* VolunTeen_AZTests.swift */,
			);
			path = "VolunTeen AZTests";
			sourceTree = "<group>";
		};
		F7A629BF2A6A0B4E00B00459 /* VolunTeen AZUITests */ = {
			isa = PBXGroup;
			children = (
				F7A629C02A6A0B4E00B00459 /* VolunTeen_AZUITests.swift */,
				F7A629C22A6A0B4E00B00459 /* VolunTeen_AZUITestsLaunchTests.swift */,
			);
			path = "VolunTeen AZUITests";
			sourceTree = "<group>";
		};
/* End PBXGroup section */

/* Begin PBXNativeTarget section */
		F7A629A12A6A0B4D00B00459 /* VolunTeen AZ */ = {
			isa = PBXNativeTarget;
			buildConfigurationList = F7A629C62A6A0B4E00B00459 /* Build configuration list for PBXNativeTarget "VolunTeen AZ" */;
			buildPhases = (
				F7A6299E2A6A0B4D00B00459 /* Sources */,
				F7A6299F2A6A0B4D00B00459 /* Frameworks */,
				F7A629A02A6A0B4D00B00459 /* Resources */,
			);
			buildRules = (
			);
			dependencies = (
			);
			name = "VolunTeen AZ";
			productName = "VolunTeen AZ";
			productReference = F7A629A22A6A0B4D00B00459 /* VolunTeen AZ.app */;
			productType = "com.apple.product-type.application";
		};
		F7A629B12A6A0B4E00B00459 /* VolunTeen AZTests */ = {
			isa = PBXNativeTarget;
			buildConfigurationList = F7A629C92A6A0B4E00B00459 /* Build configuration list for PBXNativeTarget "VolunTeen AZTests" */;
			buildPhases = (
				F7A629AE2A6A0B4E00B00459 /* Sources */,
				F7A629AF2A6A0B4E00B00459 /* Frameworks */,
				F7A629B02A6A0B4E00B00459 /* Resources */,
			);
			buildRules = (
			);
			dependencies = (
				F7A629B42A6A0B4E00B00459 /* PBXTargetDependency */,
			);
			name = "VolunTeen AZTests";
			productName = "VolunTeen AZTests";
			productReference = F7A629B22A6A0B4E00B00459 /* VolunTeen AZTests.xctest */;
			productType = "com.apple.product-type.bundle.unit-test";
		};
		F7A629BB2A6A0B4E00B00459 /* VolunTeen AZUITests */ = {
			isa = PBXNativeTarget;
			buildConfigurationList = F7A629CC2A6A0B4E00B00459 /* Build configuration list for PBXNativeTarget "VolunTeen AZUITests" */;
			buildPhases = (
				F7A629B82A6A0B4E00B00459 /* Sources */,
				F7A629B92A6A0B4E00B00459 /* Frameworks */,
				F7A629BA2A6A0B4E00B00459 /* Resources */,
			);
			buildRules = (
			);
			dependencies = (
				F7A629BE2A6A0B4E00B00459 /* PBXTargetDependency */,
			);
			name = "VolunTeen AZUITests";
			productName = "VolunTeen AZUITests";
			productReference = F7A629BC2A6A0B4E00B00459 /* VolunTeen AZUITests.xctest */;
			productType = "com.apple.product-type.bundle.ui-testing";
		};
/* End PBXNativeTarget section */

/* Begin PBXProject section */
		F7A6299A2A6A0B4D00B00459 /* Project object */ = {
			isa = PBXProject;
			attributes = {
				BuildIndependentTargetsInParallel = 1;
				LastSwiftUpdateCheck = 1430;
				LastUpgradeCheck = 1430;
				TargetAttributes = {
					F7A629A12A6A0B4D00B00459 = {
						CreatedOnToolsVersion = 14.3;
					};
					F7A629B12A6A0B4E00B00459 = {
						CreatedOnToolsVersion = 14.3;
						TestTargetID = F7A629A12A6A0B4D00B00459;
					};
					F7A629BB2A6A0B4E00B00459 = {
						CreatedOnToolsVersion = 14.3;
						TestTargetID = F7A629A12A6A0B4D00B00459;
					};
				};
			};
			buildConfigurationList = F7A6299D2A6A0B4D00B00459 /* Build configuration list for PBXProject "VolunTeen AZ" */;
			compatibilityVersion = "Xcode 14.0";
			developmentRegion = en;
			hasScannedForEncodings = 0;
			knownRegions = (
				en,
				Base,
			);
			mainGroup = F7A629992A6A0B4D00B00459;
			productRefGroup = F7A629A32A6A0B4D00B00459 /* Products */;
			projectDirPath = "";
			projectRoot = "";
			targets = (
				F7A629A12A6A0B4D00B00459 /* VolunTeen AZ */,
				F7A629B12A6A0B4E00B00459 /* VolunTeen AZTests */,
				F7A629BB2A6A0B4E00B00459 /* VolunTeen AZUITests */,
			);
		};
/* End PBXProject section */

/* Begin PBXResourcesBuildPhase section */
		F7A629A02A6A0B4D00B00459 /* Resources */ = {
			isa = PBXResourcesBuildPhase;
			buildActionMask = 2147483647;
			files = (
				F7A629AD2A6A0B4E00B00459 /* Preview Assets.xcassets in Resources */,
				F7A629AA2A6A0B4E00B00459 /* Assets.xcassets in Resources */,
			);
			runOnlyForDeploymentPostprocessing = 0;
		};
		F7A629B02A6A0B4E00B00459 /* Resources */ = {
			isa = PBXResourcesBuildPhase;
			buildActionMask = 2147483647;
			files = (
			);
			runOnlyForDeploymentPostprocessing = 0;
		};
		F7A629BA2A6A0B4E00B00459 /* Resources */ = {
			isa = PBXResourcesBuildPhase;
			buildActionMask = 2147483647;
			files = (
			);
			runOnlyForDeploymentPostprocessing = 0;
		};
/* End PBXResourcesBuildPhase section */

/* Begin PBXSourcesBuildPhase section */
		F7A6299E2A6A0B4D00B00459 /* Sources */ = {
			isa = PBXSourcesBuildPhase;
			buildActionMask = 2147483647;
			files = (
				F7A629A82A6A0B4D00B00459 /* ContentView.swift in Sources */,
				F7A629A62A6A0B4D00B00459 /* VolunTeen_AZApp.swift in Sources */,
			);
			runOnlyForDeploymentPostprocessing = 0;
		};
		F7A629AE2A6A0B4E00B00459 /* Sources */ = {
			isa = PBXSourcesBuildPhase;
			buildActionMask = 2147483647;
			files = (
				F7A629B72A6A0B4E00B00459 /* VolunTeen_AZTests.swift in Sources */,
			);
			runOnlyForDeploymentPostprocessing = 0;
		};
		F7A629B82A6A0B4E00B00459 /* Sources */ = {
			isa = PBXSourcesBuildPhase;
			buildActionMask = 2147483647;
			files = (
				F7A629C32A6A0B4E00B00459 /* VolunTeen_AZUITestsLaunchTests.swift in Sources */,
				F7A629C12A6A0B4E00B00459 /* VolunTeen_AZUITests.swift in Sources */,
			);
			runOnlyForDeploymentPostprocessing = 0;
		};
/* End PBXSourcesBuildPhase section */

/* Begin PBXTargetDependency section */
		F7A629B42A6A0B4E00B00459 /* PBXTargetDependency */ = {
			isa = PBXTargetDependency;
			target = F7A629A12A6A0B4D00B00459 /* VolunTeen AZ */;
			targetProxy = F7A629B32A6A0B4E00B00459 /* PBXContainerItemProxy */;
		};
		F7A629BE2A6A0B4E00B00459 /* PBXTargetDependency */ = {
			isa = PBXTargetDependency;
			target = F7A629A12A6A0B4D00B00459 /* VolunTeen AZ */;
			targetProxy = F7A629BD2A6A0B4E00B00459 /* PBXContainerItemProxy */;
		};
/* End PBXTargetDependency section */

/* Begin XCBuildConfiguration section */
		F7A629C42A6A0B4E00B00459 /* Debug */ = {
			isa = XCBuildConfiguration;
			buildSettings = {
				ALWAYS_SEARCH_USER_PATHS = NO;
				CLANG_ANALYZER_NONNULL = YES;
				CLANG_ANALYZER_NUMBER_OBJECT_CONVERSION = YES_AGGRESSIVE;
				CLANG_CXX_LANGUAGE_STANDARD = "gnu++20";
				CLANG_ENABLE_MODULES = YES;
				CLANG_ENABLE_OBJC_ARC = YES;
				CLANG_ENABLE_OBJC_WEAK = YES;
				CLANG_WARN_BLOCK_CAPTURE_AUTORELEASING = YES;
				CLANG_WARN_BOOL_CONVERSION = YES;
				CLANG_WARN_COMMA = YES;
				CLANG_WARN_CONSTANT_CONVERSION = YES;
				CLANG_WARN_DEPRECATED_OBJC_IMPLEMENTATIONS = YES;
				CLANG_WARN_DIRECT_OBJC_ISA_USAGE = YES_ERROR;
				CLANG_WARN_DOCUMENTATION_COMMENTS = YES;
				CLANG_WARN_EMPTY_BODY = YES;
				CLANG_WARN_ENUM_CONVERSION = YES;
				CLANG_WARN_INFINITE_RECURSION = YES;
				CLANG_WARN_INT_CONVERSION = YES;
				CLANG_WARN_NON_LITERAL_NULL_CONVERSION = YES;
				CLANG_WARN_OBJC_IMPLICIT_RETAIN_SELF = YES;
				CLANG_WARN_OBJC_LITERAL_CONVERSION = YES;
				CLANG_WARN_OBJC_ROOT_CLASS = YES_ERROR;
				CLANG_WARN_QUOTED_INCLUDE_IN_FRAMEWORK_HEADER = YES;
				CLANG_WARN_RANGE_LOOP_ANALYSIS = YES;
				CLANG_WARN_STRICT_PROTOTYPES = YES;
				CLANG_WARN_SUSPICIOUS_MOVE = YES;
				CLANG_WARN_UNGUARDED_AVAILABILITY = YES_AGGRESSIVE;
				CLANG_WARN_UNREACHABLE_CODE = YES;
				CLANG_WARN__DUPLICATE_METHOD_MATCH = YES;
				COPY_PHASE_STRIP = NO;
				DEBUG_INFORMATION_FORMAT = dwarf;
				ENABLE_STRICT_OBJC_MSGSEND = YES;
				ENABLE_TESTABILITY = YES;
				GCC_C_LANGUAGE_STANDARD = gnu11;
				GCC_DYNAMIC_NO_PIC = NO;
				GCC_NO_COMMON_BLOCKS = YES;
				GCC_OPTIMIZATION_LEVEL = 0;
				GCC_PREPROCESSOR_DEFINITIONS = (
					"DEBUG=1",
					"$(inherited)",
				);
				GCC_WARN_64_TO_32_BIT_CONVERSION = YES;
				GCC_WARN_ABOUT_RETURN_TYPE = YES_ERROR;
				GCC_WARN_UNDECLARED_SELECTOR = YES;
				GCC_WARN_UNINITIALIZED_AUTOS = YES_AGGRESSIVE;
				GCC_WARN_UNUSED_FUNCTION = YES;
				GCC_WARN_UNUSED_VARIABLE = YES;
				IPHONEOS_DEPLOYMENT_TARGET = 16.4;
				MTL_ENABLE_DEBUG_INFO = INCLUDE_SOURCE;
				MTL_FAST_MATH = YES;
				ONLY_ACTIVE_ARCH = YES;
				SDKROOT = iphoneos;
				SWIFT_ACTIVE_COMPILATION_CONDITIONS = DEBUG;
				SWIFT_OPTIMIZATION_LEVEL = "-Onone";
			};
			name = Debug;
		};
		F7A629C52A6A0B4E00B00459 /* Release */ = {
			isa = XCBuildConfiguration;
			buildSettings = {
				ALWAYS_SEARCH_USER_PATHS = NO;
				CLANG_ANALYZER_NONNULL = YES;
				CLANG_ANALYZER_NUMBER_OBJECT_CONVERSION = YES_AGGRESSIVE;
				CLANG_CXX_LANGUAGE_STANDARD = "gnu++20";
				CLANG_ENABLE_MODULES = YES;
				CLANG_ENABLE_OBJC_ARC = YES;
				CLANG_ENABLE_OBJC_WEAK = YES;
				CLANG_WARN_BLOCK_CAPTURE_AUTORELEASING = YES;
				CLANG_WARN_BOOL_CONVERSION = YES;
				CLANG_WARN_COMMA = YES;
				CLANG_WARN_CONSTANT_CONVERSION = YES;
				CLANG_WARN_DEPRECATED_OBJC_IMPLEMENTATIONS = YES;
				CLANG_WARN_DIRECT_OBJC_ISA_USAGE = YES_ERROR;
				CLANG_WARN_DOCUMENTATION_COMMENTS = YES;
				CLANG_WARN_EMPTY_BODY = YES;
				CLANG_WARN_ENUM_CONVERSION = YES;
				CLANG_WARN_INFINITE_RECURSION = YES;
				CLANG_WARN_INT_CONVERSION = YES;
				CLANG_WARN_NON_LITERAL_NULL_CONVERSION = YES;
				CLANG_WARN_OBJC_IMPLICIT_RETAIN_SELF = YES;
				CLANG_WARN_OBJC_LITERAL_CONVERSION = YES;
				CLANG_WARN_OBJC_ROOT_CLASS = YES_ERROR;
				CLANG_WARN_QUOTED_INCLUDE_IN_FRAMEWORK_HEADER = YES;
				CLANG_WARN_RANGE_LOOP_ANALYSIS = YES;
				CLANG_WARN_STRICT_PROTOTYPES = YES;
				CLANG_WARN_SUSPICIOUS_MOVE = YES;
				CLANG_WARN_UNGUARDED_AVAILABILITY = YES_AGGRESSIVE;
				CLANG_WARN_UNREACHABLE_CODE = YES;
				CLANG_WARN__DUPLICATE_METHOD_MATCH = YES;
				COPY_PHASE_STRIP = NO;
				DEBUG_INFORMATION_FORMAT = "dwarf-with-dsym";
				ENABLE_NS_ASSERTIONS = NO;
				ENABLE_STRICT_OBJC_MSGSEND = YES;
				GCC_C_LANGUAGE_STANDARD = gnu11;
				GCC_NO_COMMON_BLOCKS = YES;
				GCC_WARN_64_TO_32_BIT_CONVERSION = YES;
				GCC_WARN_ABOUT_RETURN_TYPE = YES_ERROR;
				GCC_WARN_UNDECLARED_SELECTOR = YES;
				GCC_WARN_UNINITIALIZED_AUTOS = YES_AGGRESSIVE;
				GCC_WARN_UNUSED_FUNCTION = YES;
				GCC_WARN_UNUSED_VARIABLE = YES;
				IPHONEOS_DEPLOYMENT_TARGET = 16.4;
				MTL_ENABLE_DEBUG_INFO = NO;
				MTL_FAST_MATH = YES;
				SDKROOT = iphoneos;
				SWIFT_COMPILATION_MODE = wholemodule;
				SWIFT_OPTIMIZATION_LEVEL = "-O";
				VALIDATE_PRODUCT = YES;
			};
			name = Release;
		};
		F7A629C72A6A0B4E00B00459 /* Debug */ = {
			isa = XCBuildConfiguration;
			buildSettings = {
				ASSETCATALOG_COMPILER_APPICON_NAME = AppIcon;
				ASSETCATALOG_COMPILER_GLOBAL_ACCENT_COLOR_NAME = AccentColor;
				CODE_SIGN_STYLE = Automatic;
				CURRENT_PROJECT_VERSION = 1;
				DEVELOPMENT_ASSET_PATHS = "\"VolunTeen AZ/Preview Content\"";
				DEVELOPMENT_TEAM = 7V866U6VN4;
				ENABLE_PREVIEWS = YES;
				GENERATE_INFOPLIST_FILE = YES;
				INFOPLIST_KEY_UIApplicationSceneManifest_Generation = YES;
				INFOPLIST_KEY_UIApplicationSupportsIndirectInputEvents = YES;
				INFOPLIST_KEY_UILaunchScreen_Generation = YES;
				INFOPLIST_KEY_UISupportedInterfaceOrientations_iPad = "UIInterfaceOrientationPortrait UIInterfaceOrientationPortraitUpsideDown UIInterfaceOrientationLandscapeLeft UIInterfaceOrientationLandscapeRight";
				INFOPLIST_KEY_UISupportedInterfaceOrientations_iPhone = "UIInterfaceOrientationPortrait UIInterfaceOrientationLandscapeLeft UIInterfaceOrientationLandscapeRight";
				LD_RUNPATH_SEARCH_PATHS = (
					"$(inherited)",
					"@executable_path/Frameworks",
				);
				MARKETING_VERSION = 1.0;
				PRODUCT_BUNDLE_IDENTIFIER = "Nadia-Shovkovy.VolunTeen-AZ";
				PRODUCT_NAME = "$(TARGET_NAME)";
				SWIFT_EMIT_LOC_STRINGS = YES;
				SWIFT_VERSION = 5.0;
				TARGETED_DEVICE_FAMILY = "1,2";
			};
			name = Debug;
		};
		F7A629C82A6A0B4E00B00459 /* Release */ = {
			isa = XCBuildConfiguration;
			buildSettings = {
				ASSETCATALOG_COMPILER_APPICON_NAME = AppIcon;
				ASSETCATALOG_COMPILER_GLOBAL_ACCENT_COLOR_NAME = AccentColor;
				CODE_SIGN_STYLE = Automatic;
				CURRENT_PROJECT_VERSION = 1;
				DEVELOPMENT_ASSET_PATHS = "\"VolunTeen AZ/Preview Content\"";
				DEVELOPMENT_TEAM = 7V866U6VN4;
				ENABLE_PREVIEWS = YES;
				GENERATE_INFOPLIST_FILE = YES;
				INFOPLIST_KEY_UIApplicationSceneManifest_Generation = YES;
				INFOPLIST_KEY_UIApplicationSupportsIndirectInputEvents = YES;
				INFOPLIST_KEY_UILaunchScreen_Generation = YES;
				INFOPLIST_KEY_UISupportedInterfaceOrientations_iPad = "UIInterfaceOrientationPortrait UIInterfaceOrientationPortraitUpsideDown UIInterfaceOrientationLandscapeLeft UIInterfaceOrientationLandscapeRight";
				INFOPLIST_KEY_UISupportedInterfaceOrientations_iPhone = "UIInterfaceOrientationPortrait UIInterfaceOrientationLandscapeLeft UIInterfaceOrientationLandscapeRight";
				LD_RUNPATH_SEARCH_PATHS = (
					"$(inherited)",
					"@executable_path/Frameworks",
				);
				MARKETING_VERSION = 1.0;
				PRODUCT_BUNDLE_IDENTIFIER = "Nadia-Shovkovy.VolunTeen-AZ";
				PRODUCT_NAME = "$(TARGET_NAME)";
				SWIFT_EMIT_LOC_STRINGS = YES;
				SWIFT_VERSION = 5.0;
				TARGETED_DEVICE_FAMILY = "1,2";
			};
			name = Release;
		};
		F7A629CA2A6A0B4E00B00459 /* Debug */ = {
			isa = XCBuildConfiguration;
			buildSettings = {
				ALWAYS_EMBED_SWIFT_STANDARD_LIBRARIES = YES;
				BUNDLE_LOADER = "$(TEST_HOST)";
				CODE_SIGN_STYLE = Automatic;
				CURRENT_PROJECT_VERSION = 1;
				DEVELOPMENT_TEAM = 7V866U6VN4;
				GENERATE_INFOPLIST_FILE = YES;
				IPHONEOS_DEPLOYMENT_TARGET = 16.4;
				MARKETING_VERSION = 1.0;
				PRODUCT_BUNDLE_IDENTIFIER = "Nadia-Shovkovy.VolunTeen-AZTests";
				PRODUCT_NAME = "$(TARGET_NAME)";
				SWIFT_EMIT_LOC_STRINGS = NO;
				SWIFT_VERSION = 5.0;
				TARGETED_DEVICE_FAMILY = "1,2";
				TEST_HOST = "$(BUILT_PRODUCTS_DIR)/VolunTeen AZ.app/$(BUNDLE_EXECUTABLE_FOLDER_PATH)/VolunTeen AZ";
			};
			name = Debug;
		};
		F7A629CB2A6A0B4E00B00459 /* Release */ = {
			isa = XCBuildConfiguration;
			buildSettings = {
				ALWAYS_EMBED_SWIFT_STANDARD_LIBRARIES = YES;
				BUNDLE_LOADER = "$(TEST_HOST)";
				CODE_SIGN_STYLE = Automatic;
				CURRENT_PROJECT_VERSION = 1;
				DEVELOPMENT_TEAM = 7V866U6VN4;
				GENERATE_INFOPLIST_FILE = YES;
				IPHONEOS_DEPLOYMENT_TARGET = 16.4;
				MARKETING_VERSION = 1.0;
				PRODUCT_BUNDLE_IDENTIFIER = "Nadia-Shovkovy.VolunTeen-AZTests";
				PRODUCT_NAME = "$(TARGET_NAME)";
				SWIFT_EMIT_LOC_STRINGS = NO;
				SWIFT_VERSION = 5.0;
				TARGETED_DEVICE_FAMILY = "1,2";
				TEST_HOST = "$(BUILT_PRODUCTS_DIR)/VolunTeen AZ.app/$(BUNDLE_EXECUTABLE_FOLDER_PATH)/VolunTeen AZ";
			};
			name = Release;
		};
		F7A629CD2A6A0B4E00B00459 /* Debug */ = {
			isa = XCBuildConfiguration;
			buildSettings = {
				ALWAYS_EMBED_SWIFT_STANDARD_LIBRARIES = YES;
				CODE_SIGN_STYLE = Automatic;
				CURRENT_PROJECT_VERSION = 1;
				DEVELOPMENT_TEAM = 7V866U6VN4;
				GENERATE_INFOPLIST_FILE = YES;
				MARKETING_VERSION = 1.0;
				PRODUCT_BUNDLE_IDENTIFIER = "Nadia-Shovkovy.VolunTeen-AZUITests";
				PRODUCT_NAME = "$(TARGET_NAME)";
				SWIFT_EMIT_LOC_STRINGS = NO;
				SWIFT_VERSION = 5.0;
				TARGETED_DEVICE_FAMILY = "1,2";
				TEST_TARGET_NAME = "VolunTeen AZ";
			};
			name = Debug;
		};
		F7A629CE2A6A0B4E00B00459 /* Release */ = {
			isa = XCBuildConfiguration;
			buildSettings = {
				ALWAYS_EMBED_SWIFT_STANDARD_LIBRARIES = YES;
				CODE_SIGN_STYLE = Automatic;
				CURRENT_PROJECT_VERSION = 1;
				DEVELOPMENT_TEAM = 7V866U6VN4;
				GENERATE_INFOPLIST_FILE = YES;
				MARKETING_VERSION = 1.0;
				PRODUCT_BUNDLE_IDENTIFIER = "Nadia-Shovkovy.VolunTeen-AZUITests";
				PRODUCT_NAME = "$(TARGET_NAME)";
				SWIFT_EMIT_LOC_STRINGS = NO;
				SWIFT_VERSION = 5.0;
				TARGETED_DEVICE_FAMILY = "1,2";
				TEST_TARGET_NAME = "VolunTeen AZ";
			};
			name = Release;
		};
/* End XCBuildConfiguration section */

/* Begin XCConfigurationList section */
		F7A6299D2A6A0B4D00B00459 /* Build configuration list for PBXProject "VolunTeen AZ" */ = {
			isa = XCConfigurationList;
			buildConfigurations = (
				F7A629C42A6A0B4E00B00459 /* Debug */,
				F7A629C52A6A0B4E00B00459 /* Release */,
			);
			defaultConfigurationIsVisible = 0;
			defaultConfigurationName = Release;
		};
		F7A629C62A6A0B4E00B00459 /* Build configuration list for PBXNativeTarget "VolunTeen AZ" */ = {
			isa = XCConfigurationList;
			buildConfigurations = (
				F7A629C72A6A0B4E00B00459 /* Debug */,
				F7A629C82A6A0B4E00B00459 /* Release */,
			);
			defaultConfigurationIsVisible = 0;
			defaultConfigurationName = Release;
		};
		F7A629C92A6A0B4E00B00459 /* Build configuration list for PBXNativeTarget "VolunTeen AZTests" */ = {
			isa = XCConfigurationList;
			buildConfigurations = (
				F7A629CA2A6A0B4E00B00459 /* Debug */,
				F7A629CB2A6A0B4E00B00459 /* Release */,
			);
			defaultConfigurationIsVisible = 0;
			defaultConfigurationName = Release;
		};
		F7A629CC2A6A0B4E00B00459 /* Build configuration list for PBXNativeTarget "VolunTeen AZUITests" */ = {
			isa = XCConfigurationList;
			buildConfigurations = (
				F7A629CD2A6A0B4E00B00459 /* Debug */,
				F7A629CE2A6A0B4E00B00459 /* Release */,
			);
			defaultConfigurationIsVisible = 0;
			defaultConfigurationName = Release;
		};
/* End XCConfigurationList section */
	};
	rootObject = F7A6299A2A6A0B4D00B00459 /* Project object */;
}
