// !$*UTF8*$!
{
	archiveVersion = 1;
	classes = {
	};
	objectVersion = 56;
	objects = {

/* Begin PBXBuildFile section */
		F7A629A62A6A0B4D00B00459 /* VolunTeen_AZApp.swift in Sources */ = {isa = PBXBuildFile; fileRef = F7A629A52A6A0B4D00B00459 /* VolunTeen_AZApp.swift */; };
		F7A629AA2A6A0B4E00B00459 /* Assets.xcassets in Resources */ = {isa = PBXBuildFile; fileRef = F7A629A92A6A0B4E00B00459 /* Assets.xcassets */; };
		F7A629AD2A6A0B4E00B00459 /* Preview Assets.xcassets in Resources */ = {isa = PBXBuildFile; fileRef = F7A629AC2A6A0B4E00B00459 /* Preview Assets.xcassets */; };
		F7A629B72A6A0B4E00B00459 /* VolunTeen_AZTests.swift in Sources */ = {isa = PBXBuildFile; fileRef = F7A629B62A6A0B4E00B00459 /* VolunTeen_AZTests.swift */; };
		F7A629C12A6A0B4E00B00459 /* VolunTeen_AZUITests.swift in Sources */ = {isa = PBXBuildFile; fileRef = F7A629C02A6A0B4E00B00459 /* VolunTeen_AZUITests.swift */; };
		F7A629C32A6A0B4E00B00459 /* VolunTeen_AZUITestsLaunchTests.swift in Sources */ = {isa = PBXBuildFile; fileRef = F7A629C22A6A0B4E00B00459 /* VolunTeen_AZUITestsLaunchTests.swift */; };
		F7A629D02A6A0B7600B00459 /* SearchView.swift in Sources */ = {isa = PBXBuildFile; fileRef = F7A629CF2A6A0B7600B00459 /* SearchView.swift */; };
		F7A629D22A6A0B8100B00459 /* CustomTabBarView.swift in Sources */ = {isa = PBXBuildFile; fileRef = F7A629D12A6A0B8100B00459 /* CustomTabBarView.swift */; };
		F7A629D42A6A0CD600B00459 /* SplashScreenView.swift in Sources */ = {isa = PBXBuildFile; fileRef = F7A629D32A6A0CD600B00459 /* SplashScreenView.swift */; };
		F7A629D62A6A0E2E00B00459 /* ProfileView.swift in Sources */ = {isa = PBXBuildFile; fileRef = F7A629D52A6A0E2E00B00459 /* ProfileView.swift */; };
		F7A629D82A6A10AA00B00459 /* MapView.swift in Sources */ = {isa = PBXBuildFile; fileRef = F7A629D72A6A10AA00B00459 /* MapView.swift */; };
		F7A629DA2A6A10BC00B00459 /* ContactView.swift in Sources */ = {isa = PBXBuildFile; fileRef = F7A629D92A6A10BC00B00459 /* ContactView.swift */; };
		F7A629DC2A6A10CF00B00459 /* MyEventsView.swift in Sources */ = {isa = PBXBuildFile; fileRef = F7A629DB2A6A10CF00B00459 /* MyEventsView.swift */; };
		F7A629E92A6C3B0F00B00459 /* LoginView.swift in Sources */ = {isa = PBXBuildFile; fileRef = F7A629E82A6C3B0F00B00459 /* LoginView.swift */; };
		F7A629EB2A6C3C2900B00459 /* InputView.swift in Sources */ = {isa = PBXBuildFile; fileRef = F7A629EA2A6C3C2900B00459 /* InputView.swift */; };
		F7A629ED2A6C41E200B00459 /* RegistrationView.swift in Sources */ = {isa = PBXBuildFile; fileRef = F7A629EC2A6C41E200B00459 /* RegistrationView.swift */; };
		F7A629EF2A6C4C9900B00459 /* SettingsRowView.swift in Sources */ = {isa = PBXBuildFile; fileRef = F7A629EE2A6C4C9900B00459 /* SettingsRowView.swift */; };
		F7A629F12A6C50F500B00459 /* User.swift in Sources */ = {isa = PBXBuildFile; fileRef = F7A629F02A6C50F500B00459 /* User.swift */; };
		F7A629F32A6C554900B00459 /* GoogleService-Info.plist in Resources */ = {isa = PBXBuildFile; fileRef = F7A629F22A6C554900B00459 /* GoogleService-Info.plist */; };
		F7A629F62A6C588200B00459 /* FirebaseAuth in Frameworks */ = {isa = PBXBuildFile; productRef = F7A629F52A6C588200B00459 /* FirebaseAuth */; };
		F7A629F82A6C588200B00459 /* FirebaseFirestore in Frameworks */ = {isa = PBXBuildFile; productRef = F7A629F72A6C588200B00459 /* FirebaseFirestore */; };
		F7A629FA2A6C588200B00459 /* FirebaseFirestoreSwift in Frameworks */ = {isa = PBXBuildFile; productRef = F7A629F92A6C588200B00459 /* FirebaseFirestoreSwift */; };
		F7A629FC2A6C588300B00459 /* FirebaseStorage in Frameworks */ = {isa = PBXBuildFile; productRef = F7A629FB2A6C588300B00459 /* FirebaseStorage */; };
		F7A62A012A6C592A00B00459 /* AuthViewModel.swift in Sources */ = {isa = PBXBuildFile; fileRef = F7A62A002A6C592A00B00459 /* AuthViewModel.swift */; };
		F7A62A032A6C5E9600B00459 /* OpeningAppView.swift in Sources */ = {isa = PBXBuildFile; fileRef = F7A62A022A6C5E9600B00459 /* OpeningAppView.swift */; };
		F7A62A092A6C918E00B00459 /* ActiveNowView.swift in Sources */ = {isa = PBXBuildFile; fileRef = F7A62A082A6C918E00B00459 /* ActiveNowView.swift */; };
		F7A62A0B2A6C957F00B00459 /* InboxRowView.swift in Sources */ = {isa = PBXBuildFile; fileRef = F7A62A0A2A6C957F00B00459 /* InboxRowView.swift */; };
		F7A62A0E2A6C991200B00459 /* NewMessageView.swift in Sources */ = {isa = PBXBuildFile; fileRef = F7A62A0D2A6C991200B00459 /* NewMessageView.swift */; };
		F7C02DA22A6CA5600065F155 /* ProfileViewModel.swift in Sources */ = {isa = PBXBuildFile; fileRef = F7C02DA12A6CA5600065F155 /* ProfileViewModel.swift */; };
		F7C02DA52A6CB4250065F155 /* CircularProfileImage.swift in Sources */ = {isa = PBXBuildFile; fileRef = F7C02DA42A6CB4250065F155 /* CircularProfileImage.swift */; };
		F7C02DA82A6CB98B0065F155 /* ChatView.swift in Sources */ = {isa = PBXBuildFile; fileRef = F7C02DA72A6CB98B0065F155 /* ChatView.swift */; };
		F7C02DAB2A6CBCCB0065F155 /* ChatMessageCell.swift in Sources */ = {isa = PBXBuildFile; fileRef = F7C02DAA2A6CBCCB0065F155 /* ChatMessageCell.swift */; };
		F7C02DAD2A6CC1BA0065F155 /* ChatBubble.swift in Sources */ = {isa = PBXBuildFile; fileRef = F7C02DAC2A6CC1BA0065F155 /* ChatBubble.swift */; };
		F7C02DB12A6CDBCA0065F155 /* AddNewEventView.swift in Sources */ = {isa = PBXBuildFile; fileRef = F7C02DB02A6CDBCA0065F155 /* AddNewEventView.swift */; };
/* End PBXBuildFile section */

/* Begin PBXContainerItemProxy section */
		F7A629B32A6A0B4E00B00459 /* PBXContainerItemProxy */ = {
			isa = PBXContainerItemProxy;
			containerPortal = F7A6299A2A6A0B4D00B00459 /* Project object */;
			proxyType = 1;
			remoteGlobalIDString = F7A629A12A6A0B4D00B00459;
			remoteInfo = "VolunTeen AZ";
		};
		F7A629BD2A6A0B4E00B00459 /* PBXContainerItemProxy */ = {
			isa = PBXContainerItemProxy;
			containerPortal = F7A6299A2A6A0B4D00B00459 /* Project object */;
			proxyType = 1;
			remoteGlobalIDString = F7A629A12A6A0B4D00B00459;
			remoteInfo = "VolunTeen AZ";
		};
/* End PBXContainerItemProxy section */

/* Begin PBXFileReference section */
		F7A629A22A6A0B4D00B00459 /* VolunTeen AZ.app */ = {isa = PBXFileReference; explicitFileType = wrapper.application; includeInIndex = 0; path = "VolunTeen AZ.app"; sourceTree = BUILT_PRODUCTS_DIR; };
		F7A629A52A6A0B4D00B00459 /* VolunTeen_AZApp.swift */ = {isa = PBXFileReference; lastKnownFileType = sourcecode.swift; path = VolunTeen_AZApp.swift; sourceTree = "<group>"; };
		F7A629A92A6A0B4E00B00459 /* Assets.xcassets */ = {isa = PBXFileReference; lastKnownFileType = folder.assetcatalog; path = Assets.xcassets; sourceTree = "<group>"; };
		F7A629AC2A6A0B4E00B00459 /* Preview Assets.xcassets */ = {isa = PBXFileReference; lastKnownFileType = folder.assetcatalog; path = "Preview Assets.xcassets"; sourceTree = "<group>"; };
		F7A629B22A6A0B4E00B00459 /* VolunTeen AZTests.xctest */ = {isa = PBXFileReference; explicitFileType = wrapper.cfbundle; includeInIndex = 0; path = "VolunTeen AZTests.xctest"; sourceTree = BUILT_PRODUCTS_DIR; };
		F7A629B62A6A0B4E00B00459 /* VolunTeen_AZTests.swift */ = {isa = PBXFileReference; lastKnownFileType = sourcecode.swift; path = VolunTeen_AZTests.swift; sourceTree = "<group>"; };
		F7A629BC2A6A0B4E00B00459 /* VolunTeen AZUITests.xctest */ = {isa = PBXFileReference; explicitFileType = wrapper.cfbundle; includeInIndex = 0; path = "VolunTeen AZUITests.xctest"; sourceTree = BUILT_PRODUCTS_DIR; };
		F7A629C02A6A0B4E00B00459 /* VolunTeen_AZUITests.swift */ = {isa = PBXFileReference; lastKnownFileType = sourcecode.swift; path = VolunTeen_AZUITests.swift; sourceTree = "<group>"; };
		F7A629C22A6A0B4E00B00459 /* VolunTeen_AZUITestsLaunchTests.swift */ = {isa = PBXFileReference; lastKnownFileType = sourcecode.swift; path = VolunTeen_AZUITestsLaunchTests.swift; sourceTree = "<group>"; };
		F7A629CF2A6A0B7600B00459 /* SearchView.swift */ = {isa = PBXFileReference; lastKnownFileType = sourcecode.swift; path = SearchView.swift; sourceTree = "<group>"; };
		F7A629D12A6A0B8100B00459 /* CustomTabBarView.swift */ = {isa = PBXFileReference; lastKnownFileType = sourcecode.swift; path = CustomTabBarView.swift; sourceTree = "<group>"; };
		F7A629D32A6A0CD600B00459 /* SplashScreenView.swift */ = {isa = PBXFileReference; lastKnownFileType = sourcecode.swift; path = SplashScreenView.swift; sourceTree = "<group>"; };
		F7A629D52A6A0E2E00B00459 /* ProfileView.swift */ = {isa = PBXFileReference; lastKnownFileType = sourcecode.swift; path = ProfileView.swift; sourceTree = "<group>"; };
		F7A629D72A6A10AA00B00459 /* MapView.swift */ = {isa = PBXFileReference; lastKnownFileType = sourcecode.swift; path = MapView.swift; sourceTree = "<group>"; };
		F7A629D92A6A10BC00B00459 /* ContactView.swift */ = {isa = PBXFileReference; lastKnownFileType = sourcecode.swift; path = ContactView.swift; sourceTree = "<group>"; };
		F7A629DB2A6A10CF00B00459 /* MyEventsView.swift */ = {isa = PBXFileReference; lastKnownFileType = sourcecode.swift; path = MyEventsView.swift; sourceTree = "<group>"; };
		F7A629E82A6C3B0F00B00459 /* LoginView.swift */ = {isa = PBXFileReference; lastKnownFileType = sourcecode.swift; path = LoginView.swift; sourceTree = "<group>"; };
		F7A629EA2A6C3C2900B00459 /* InputView.swift */ = {isa = PBXFileReference; lastKnownFileType = sourcecode.swift; path = InputView.swift; sourceTree = "<group>"; };
		F7A629EC2A6C41E200B00459 /* RegistrationView.swift */ = {isa = PBXFileReference; lastKnownFileType = sourcecode.swift; path = RegistrationView.swift; sourceTree = "<group>"; };
		F7A629EE2A6C4C9900B00459 /* SettingsRowView.swift */ = {isa = PBXFileReference; lastKnownFileType = sourcecode.swift; path = SettingsRowView.swift; sourceTree = "<group>"; };
		F7A629F02A6C50F500B00459 /* User.swift */ = {isa = PBXFileReference; lastKnownFileType = sourcecode.swift; path = User.swift; sourceTree = "<group>"; };
		F7A629F22A6C554900B00459 /* GoogleService-Info.plist */ = {isa = PBXFileReference; lastKnownFileType = text.plist; path = "GoogleService-Info.plist"; sourceTree = SOURCE_ROOT; };
		F7A62A002A6C592A00B00459 /* AuthViewModel.swift */ = {isa = PBXFileReference; lastKnownFileType = sourcecode.swift; path = AuthViewModel.swift; sourceTree = "<group>"; };
		F7A62A022A6C5E9600B00459 /* OpeningAppView.swift */ = {isa = PBXFileReference; lastKnownFileType = sourcecode.swift; path = OpeningAppView.swift; sourceTree = "<group>"; };
		F7A62A082A6C918E00B00459 /* ActiveNowView.swift */ = {isa = PBXFileReference; lastKnownFileType = sourcecode.swift; path = ActiveNowView.swift; sourceTree = "<group>"; };
		F7A62A0A2A6C957F00B00459 /* InboxRowView.swift */ = {isa = PBXFileReference; lastKnownFileType = sourcecode.swift; path = InboxRowView.swift; sourceTree = "<group>"; };
		F7A62A0D2A6C991200B00459 /* NewMessageView.swift */ = {isa = PBXFileReference; lastKnownFileType = sourcecode.swift; path = NewMessageView.swift; sourceTree = "<group>"; };
		F7C02DA12A6CA5600065F155 /* ProfileViewModel.swift */ = {isa = PBXFileReference; lastKnownFileType = sourcecode.swift; path = ProfileViewModel.swift; sourceTree = "<group>"; };
		F7C02DA42A6CB4250065F155 /* CircularProfileImage.swift */ = {isa = PBXFileReference; lastKnownFileType = sourcecode.swift; path = CircularProfileImage.swift; sourceTree = "<group>"; };
		F7C02DA72A6CB98B0065F155 /* ChatView.swift */ = {isa = PBXFileReference; lastKnownFileType = sourcecode.swift; path = ChatView.swift; sourceTree = "<group>"; };
		F7C02DAA2A6CBCCB0065F155 /* ChatMessageCell.swift */ = {isa = PBXFileReference; lastKnownFileType = sourcecode.swift; path = ChatMessageCell.swift; sourceTree = "<group>"; };
		F7C02DAC2A6CC1BA0065F155 /* ChatBubble.swift */ = {isa = PBXFileReference; lastKnownFileType = sourcecode.swift; path = ChatBubble.swift; sourceTree = "<group>"; };
		F7C02DB02A6CDBCA0065F155 /* AddNewEventView.swift */ = {isa = PBXFileReference; lastKnownFileType = sourcecode.swift; path = AddNewEventView.swift; sourceTree = "<group>"; };
/* End PBXFileReference section */

/* Begin PBXFrameworksBuildPhase section */
		F7A6299F2A6A0B4D00B00459 /* Frameworks */ = {
			isa = PBXFrameworksBuildPhase;
			buildActionMask = 2147483647;
			files = (
				F7A629F62A6C588200B00459 /* FirebaseAuth in Frameworks */,
				F7A629FC2A6C588300B00459 /* FirebaseStorage in Frameworks */,
				F7A629F82A6C588200B00459 /* FirebaseFirestore in Frameworks */,
				F7A629FA2A6C588200B00459 /* FirebaseFirestoreSwift in Frameworks */,
			);
			runOnlyForDeploymentPostprocessing = 0;
		};
		F7A629AF2A6A0B4E00B00459 /* Frameworks */ = {
			isa = PBXFrameworksBuildPhase;
			buildActionMask = 2147483647;
			files = (
			);
			runOnlyForDeploymentPostprocessing = 0;
		};
		F7A629B92A6A0B4E00B00459 /* Frameworks */ = {
			isa = PBXFrameworksBuildPhase;
			buildActionMask = 2147483647;
			files = (
			);
			runOnlyForDeploymentPostprocessing = 0;
		};
/* End PBXFrameworksBuildPhase section */

/* Begin PBXGroup section */
		F7A629992A6A0B4D00B00459 = {
			isa = PBXGroup;
			children = (
				F7A629A42A6A0B4D00B00459 /* VolunTeen AZ */,
				F7A629B52A6A0B4E00B00459 /* VolunTeen AZTests */,
				F7A629BF2A6A0B4E00B00459 /* VolunTeen AZUITests */,
				F7A629A32A6A0B4D00B00459 /* Products */,
			);
			sourceTree = "<group>";
		};
		F7A629A32A6A0B4D00B00459 /* Products */ = {
			isa = PBXGroup;
			children = (
				F7A629A22A6A0B4D00B00459 /* VolunTeen AZ.app */,
				F7A629B22A6A0B4E00B00459 /* VolunTeen AZTests.xctest */,
				F7A629BC2A6A0B4E00B00459 /* VolunTeen AZUITests.xctest */,
			);
			name = Products;
			sourceTree = "<group>";
		};
		F7A629A42A6A0B4D00B00459 /* VolunTeen AZ */ = {
			isa = PBXGroup;
			children = (
				F7A629DD2A6C39E800B00459 /* App */,
				F7A629E32A6C3A4C00B00459 /* Core */,
				F7A62A052A6C8B7F00B00459 /* Extensions */,
				F7A629E42A6C3A5100B00459 /* Model */,
				F7A629E22A6C3A3900B00459 /* Components */,
				F7A62A022A6C5E9600B00459 /* OpeningAppView.swift */,
				F7A629D12A6A0B8100B00459 /* CustomTabBarView.swift */,
				F7A629D32A6A0CD600B00459 /* SplashScreenView.swift */,
				F7A629DB2A6A10CF00B00459 /* MyEventsView.swift */,
				F7A629D72A6A10AA00B00459 /* MapView.swift */,
				F7A629CF2A6A0B7600B00459 /* SearchView.swift */,
				F7C02DB02A6CDBCA0065F155 /* AddNewEventView.swift */,
				F7A629D92A6A10BC00B00459 /* ContactView.swift */,
				F7A629D52A6A0E2E00B00459 /* ProfileView.swift */,
				F7A629A92A6A0B4E00B00459 /* Assets.xcassets */,
				F7A629F22A6C554900B00459 /* GoogleService-Info.plist */,
				F7A629AB2A6A0B4E00B00459 /* Preview Content */,
			);
			path = "VolunTeen AZ";
			sourceTree = "<group>";
		};
		F7A629AB2A6A0B4E00B00459 /* Preview Content */ = {
			isa = PBXGroup;
			children = (
				F7A629AC2A6A0B4E00B00459 /* Preview Assets.xcassets */,
			);
			path = "Preview Content";
			sourceTree = "<group>";
		};
		F7A629B52A6A0B4E00B00459 /* VolunTeen AZTests */ = {
			isa = PBXGroup;
			children = (
				F7A629B62A6A0B4E00B00459 /* VolunTeen_AZTests.swift */,
			);
			path = "VolunTeen AZTests";
			sourceTree = "<group>";
		};
		F7A629BF2A6A0B4E00B00459 /* VolunTeen AZUITests */ = {
			isa = PBXGroup;
			children = (
				F7A629C02A6A0B4E00B00459 /* VolunTeen_AZUITests.swift */,
				F7A629C22A6A0B4E00B00459 /* VolunTeen_AZUITestsLaunchTests.swift */,
			);
			path = "VolunTeen AZUITests";
			sourceTree = "<group>";
		};
		F7A629DD2A6C39E800B00459 /* App */ = {
			isa = PBXGroup;
			children = (
				F7A629A52A6A0B4D00B00459 /* VolunTeen_AZApp.swift */,
			);
			path = App;
			sourceTree = "<group>";
		};
		F7A629E22A6C3A3900B00459 /* Components */ = {
			isa = PBXGroup;
			children = (
				F7A629EA2A6C3C2900B00459 /* InputView.swift */,
				F7A629EE2A6C4C9900B00459 /* SettingsRowView.swift */,
				F7C02DA42A6CB4250065F155 /* CircularProfileImage.swift */,
			);
			path = Components;
			sourceTree = "<group>";
		};
		F7A629E32A6C3A4C00B00459 /* Core */ = {
			isa = PBXGroup;
			children = (
				F7C02DA62A6CB79A0065F155 /* Chat */,
				F7A62A0C2A6C98F200B00459 /* NewMessage */,
				F7A62A072A6C917100B00459 /* ActiveNow */,
				F7A629E52A6C3A7B00B00459 /* Root */,
				F7A629E62A6C3AC500B00459 /* Authentication */,
				F7A62A062A6C8D1800B00459 /* Inbox */,
			);
			path = Core;
			sourceTree = "<group>";
		};
		F7A629E42A6C3A5100B00459 /* Model */ = {
			isa = PBXGroup;
			children = (
				F7A629F02A6C50F500B00459 /* User.swift */,
			);
			path = Model;
			sourceTree = "<group>";
		};
		F7A629E52A6C3A7B00B00459 /* Root */ = {
			isa = PBXGroup;
			children = (
			);
			path = Root;
			sourceTree = "<group>";
		};
		F7A629E62A6C3AC500B00459 /* Authentication */ = {
			isa = PBXGroup;
			children = (
				F7A629FF2A6C58EF00B00459 /* ViewModels */,
				F7A629FD2A6C58BB00B00459 /* Views */,
				F7A629E82A6C3B0F00B00459 /* LoginView.swift */,
				F7A629EC2A6C41E200B00459 /* RegistrationView.swift */,
			);
			path = Authentication;
			sourceTree = "<group>";
		};
		F7A629FD2A6C58BB00B00459 /* Views */ = {
			isa = PBXGroup;
			children = (
			);
			path = Views;
			sourceTree = "<group>";
		};
		F7A629FF2A6C58EF00B00459 /* ViewModels */ = {
			isa = PBXGroup;
			children = (
				F7A62A002A6C592A00B00459 /* AuthViewModel.swift */,
				F7C02DA12A6CA5600065F155 /* ProfileViewModel.swift */,
			);
			path = ViewModels;
			sourceTree = "<group>";
		};
		F7A62A052A6C8B7F00B00459 /* Extensions */ = {
			isa = PBXGroup;
			children = (
			);
			path = Extensions;
			sourceTree = "<group>";
		};
		F7A62A062A6C8D1800B00459 /* Inbox */ = {
			isa = PBXGroup;
			children = (
				F7A62A0A2A6C957F00B00459 /* InboxRowView.swift */,
			);
			path = Inbox;
			sourceTree = "<group>";
		};
		F7A62A072A6C917100B00459 /* ActiveNow */ = {
			isa = PBXGroup;
			children = (
				F7A62A082A6C918E00B00459 /* ActiveNowView.swift */,
			);
			path = ActiveNow;
			sourceTree = "<group>";
		};
		F7A62A0C2A6C98F200B00459 /* NewMessage */ = {
			isa = PBXGroup;
			children = (
				F7A62A0D2A6C991200B00459 /* NewMessageView.swift */,
			);
			path = NewMessage;
			sourceTree = "<group>";
		};
		F7C02DA62A6CB79A0065F155 /* Chat */ = {
			isa = PBXGroup;
			children = (
				F7C02DA72A6CB98B0065F155 /* ChatView.swift */,
				F7C02DAA2A6CBCCB0065F155 /* ChatMessageCell.swift */,
				F7C02DAC2A6CC1BA0065F155 /* ChatBubble.swift */,
			);
			path = Chat;
			sourceTree = "<group>";
		};
/* End PBXGroup section */

/* Begin PBXNativeTarget section */
		F7A629A12A6A0B4D00B00459 /* VolunTeen AZ */ = {
			isa = PBXNativeTarget;
			buildConfigurationList = F7A629C62A6A0B4E00B00459 /* Build configuration list for PBXNativeTarget "VolunTeen AZ" */;
			buildPhases = (
				F7A6299E2A6A0B4D00B00459 /* Sources */,
				F7A6299F2A6A0B4D00B00459 /* Frameworks */,
				F7A629A02A6A0B4D00B00459 /* Resources */,
			);
			buildRules = (
			);
			dependencies = (
			);
			name = "VolunTeen AZ";
			packageProductDependencies = (
				F7A629F52A6C588200B00459 /* FirebaseAuth */,
				F7A629F72A6C588200B00459 /* FirebaseFirestore */,
				F7A629F92A6C588200B00459 /* FirebaseFirestoreSwift */,
				F7A629FB2A6C588300B00459 /* FirebaseStorage */,
			);
			productName = "VolunTeen AZ";
			productReference = F7A629A22A6A0B4D00B00459 /* VolunTeen AZ.app */;
			productType = "com.apple.product-type.application";
		};
		F7A629B12A6A0B4E00B00459 /* VolunTeen AZTests */ = {
			isa = PBXNativeTarget;
			buildConfigurationList = F7A629C92A6A0B4E00B00459 /* Build configuration list for PBXNativeTarget "VolunTeen AZTests" */;
			buildPhases = (
				F7A629AE2A6A0B4E00B00459 /* Sources */,
				F7A629AF2A6A0B4E00B00459 /* Frameworks */,
				F7A629B02A6A0B4E00B00459 /* Resources */,
			);
			buildRules = (
			);
			dependencies = (
				F7A629B42A6A0B4E00B00459 /* PBXTargetDependency */,
			);
			name = "VolunTeen AZTests";
			productName = "VolunTeen AZTests";
			productReference = F7A629B22A6A0B4E00B00459 /* VolunTeen AZTests.xctest */;
			productType = "com.apple.product-type.bundle.unit-test";
		};
		F7A629BB2A6A0B4E00B00459 /* VolunTeen AZUITests */ = {
			isa = PBXNativeTarget;
			buildConfigurationList = F7A629CC2A6A0B4E00B00459 /* Build configuration list for PBXNativeTarget "VolunTeen AZUITests" */;
			buildPhases = (
				F7A629B82A6A0B4E00B00459 /* Sources */,
				F7A629B92A6A0B4E00B00459 /* Frameworks */,
				F7A629BA2A6A0B4E00B00459 /* Resources */,
			);
			buildRules = (
			);
			dependencies = (
				F7A629BE2A6A0B4E00B00459 /* PBXTargetDependency */,
			);
			name = "VolunTeen AZUITests";
			productName = "VolunTeen AZUITests";
			productReference = F7A629BC2A6A0B4E00B00459 /* VolunTeen AZUITests.xctest */;
			productType = "com.apple.product-type.bundle.ui-testing";
		};
/* End PBXNativeTarget section */

/* Begin PBXProject section */
		F7A6299A2A6A0B4D00B00459 /* Project object */ = {
			isa = PBXProject;
			attributes = {
				BuildIndependentTargetsInParallel = 1;
				LastSwiftUpdateCheck = 1430;
				LastUpgradeCheck = 1430;
				TargetAttributes = {
					F7A629A12A6A0B4D00B00459 = {
						CreatedOnToolsVersion = 14.3;
					};
					F7A629B12A6A0B4E00B00459 = {
						CreatedOnToolsVersion = 14.3;
						TestTargetID = F7A629A12A6A0B4D00B00459;
					};
					F7A629BB2A6A0B4E00B00459 = {
						CreatedOnToolsVersion = 14.3;
						TestTargetID = F7A629A12A6A0B4D00B00459;
					};
				};
			};
			buildConfigurationList = F7A6299D2A6A0B4D00B00459 /* Build configuration list for PBXProject "VolunTeen AZ" */;
			compatibilityVersion = "Xcode 14.0";
			developmentRegion = en;
			hasScannedForEncodings = 0;
			knownRegions = (
				en,
				Base,
			);
			mainGroup = F7A629992A6A0B4D00B00459;
			packageReferences = (
				F7A629F42A6C588200B00459 /* XCRemoteSwiftPackageReference "firebase-ios-sdk" */,
			);
			productRefGroup = F7A629A32A6A0B4D00B00459 /* Products */;
			projectDirPath = "";
			projectRoot = "";
			targets = (
				F7A629A12A6A0B4D00B00459 /* VolunTeen AZ */,
				F7A629B12A6A0B4E00B00459 /* VolunTeen AZTests */,
				F7A629BB2A6A0B4E00B00459 /* VolunTeen AZUITests */,
			);
		};
/* End PBXProject section */

/* Begin PBXResourcesBuildPhase section */
		F7A629A02A6A0B4D00B00459 /* Resources */ = {
			isa = PBXResourcesBuildPhase;
			buildActionMask = 2147483647;
			files = (
				F7A629AD2A6A0B4E00B00459 /* Preview Assets.xcassets in Resources */,
				F7A629AA2A6A0B4E00B00459 /* Assets.xcassets in Resources */,
				F7A629F32A6C554900B00459 /* GoogleService-Info.plist in Resources */,
			);
			runOnlyForDeploymentPostprocessing = 0;
		};
		F7A629B02A6A0B4E00B00459 /* Resources */ = {
			isa = PBXResourcesBuildPhase;
			buildActionMask = 2147483647;
			files = (
			);
			runOnlyForDeploymentPostprocessing = 0;
		};
		F7A629BA2A6A0B4E00B00459 /* Resources */ = {
			isa = PBXResourcesBuildPhase;
			buildActionMask = 2147483647;
			files = (
			);
			runOnlyForDeploymentPostprocessing = 0;
		};
/* End PBXResourcesBuildPhase section */

/* Begin PBXSourcesBuildPhase section */
		F7A6299E2A6A0B4D00B00459 /* Sources */ = {
			isa = PBXSourcesBuildPhase;
			buildActionMask = 2147483647;
			files = (
				F7C02DB12A6CDBCA0065F155 /* AddNewEventView.swift in Sources */,
				F7A629F12A6C50F500B00459 /* User.swift in Sources */,
				F7C02DA22A6CA5600065F155 /* ProfileViewModel.swift in Sources */,
				F7A629ED2A6C41E200B00459 /* RegistrationView.swift in Sources */,
				F7A629D02A6A0B7600B00459 /* SearchView.swift in Sources */,
				F7C02DA82A6CB98B0065F155 /* ChatView.swift in Sources */,
				F7A629D82A6A10AA00B00459 /* MapView.swift in Sources */,
				F7A629D42A6A0CD600B00459 /* SplashScreenView.swift in Sources */,
				F7C02DAB2A6CBCCB0065F155 /* ChatMessageCell.swift in Sources */,
				F7A629E92A6C3B0F00B00459 /* LoginView.swift in Sources */,
				F7C02DAD2A6CC1BA0065F155 /* ChatBubble.swift in Sources */,
				F7A629DC2A6A10CF00B00459 /* MyEventsView.swift in Sources */,
				F7A62A0B2A6C957F00B00459 /* InboxRowView.swift in Sources */,
				F7A629A62A6A0B4D00B00459 /* VolunTeen_AZApp.swift in Sources */,
				F7A62A0E2A6C991200B00459 /* NewMessageView.swift in Sources */,
				F7A629DA2A6A10BC00B00459 /* ContactView.swift in Sources */,
				F7A62A092A6C918E00B00459 /* ActiveNowView.swift in Sources */,
				F7A629EF2A6C4C9900B00459 /* SettingsRowView.swift in Sources */,
				F7C02DA52A6CB4250065F155 /* CircularProfileImage.swift in Sources */,
				F7A62A012A6C592A00B00459 /* AuthViewModel.swift in Sources */,
				F7A629EB2A6C3C2900B00459 /* InputView.swift in Sources */,
				F7A629D62A6A0E2E00B00459 /* ProfileView.swift in Sources */,
				F7A62A032A6C5E9600B00459 /* OpeningAppView.swift in Sources */,
				F7A629D22A6A0B8100B00459 /* CustomTabBarView.swift in Sources */,
			);
			runOnlyForDeploymentPostprocessing = 0;
		};
		F7A629AE2A6A0B4E00B00459 /* Sources */ = {
			isa = PBXSourcesBuildPhase;
			buildActionMask = 2147483647;
			files = (
				F7A629B72A6A0B4E00B00459 /* VolunTeen_AZTests.swift in Sources */,
			);
			runOnlyForDeploymentPostprocessing = 0;
		};
		F7A629B82A6A0B4E00B00459 /* Sources */ = {
			isa = PBXSourcesBuildPhase;
			buildActionMask = 2147483647;
			files = (
				F7A629C32A6A0B4E00B00459 /* VolunTeen_AZUITestsLaunchTests.swift in Sources */,
				F7A629C12A6A0B4E00B00459 /* VolunTeen_AZUITests.swift in Sources */,
			);
			runOnlyForDeploymentPostprocessing = 0;
		};
/* End PBXSourcesBuildPhase section */

/* Begin PBXTargetDependency section */
		F7A629B42A6A0B4E00B00459 /* PBXTargetDependency */ = {
			isa = PBXTargetDependency;
			target = F7A629A12A6A0B4D00B00459 /* VolunTeen AZ */;
			targetProxy = F7A629B32A6A0B4E00B00459 /* PBXContainerItemProxy */;
		};
		F7A629BE2A6A0B4E00B00459 /* PBXTargetDependency */ = {
			isa = PBXTargetDependency;
			target = F7A629A12A6A0B4D00B00459 /* VolunTeen AZ */;
			targetProxy = F7A629BD2A6A0B4E00B00459 /* PBXContainerItemProxy */;
		};
/* End PBXTargetDependency section */

/* Begin XCBuildConfiguration section */
		F7A629C42A6A0B4E00B00459 /* Debug */ = {
			isa = XCBuildConfiguration;
			buildSettings = {
				ALWAYS_SEARCH_USER_PATHS = NO;
				CLANG_ANALYZER_NONNULL = YES;
				CLANG_ANALYZER_NUMBER_OBJECT_CONVERSION = YES_AGGRESSIVE;
				CLANG_CXX_LANGUAGE_STANDARD = "gnu++20";
				CLANG_ENABLE_MODULES = YES;
				CLANG_ENABLE_OBJC_ARC = YES;
				CLANG_ENABLE_OBJC_WEAK = YES;
				CLANG_WARN_BLOCK_CAPTURE_AUTORELEASING = YES;
				CLANG_WARN_BOOL_CONVERSION = YES;
				CLANG_WARN_COMMA = YES;
				CLANG_WARN_CONSTANT_CONVERSION = YES;
				CLANG_WARN_DEPRECATED_OBJC_IMPLEMENTATIONS = YES;
				CLANG_WARN_DIRECT_OBJC_ISA_USAGE = YES_ERROR;
				CLANG_WARN_DOCUMENTATION_COMMENTS = YES;
				CLANG_WARN_EMPTY_BODY = YES;
				CLANG_WARN_ENUM_CONVERSION = YES;
				CLANG_WARN_INFINITE_RECURSION = YES;
				CLANG_WARN_INT_CONVERSION = YES;
				CLANG_WARN_NON_LITERAL_NULL_CONVERSION = YES;
				CLANG_WARN_OBJC_IMPLICIT_RETAIN_SELF = YES;
				CLANG_WARN_OBJC_LITERAL_CONVERSION = YES;
				CLANG_WARN_OBJC_ROOT_CLASS = YES_ERROR;
				CLANG_WARN_QUOTED_INCLUDE_IN_FRAMEWORK_HEADER = YES;
				CLANG_WARN_RANGE_LOOP_ANALYSIS = YES;
				CLANG_WARN_STRICT_PROTOTYPES = YES;
				CLANG_WARN_SUSPICIOUS_MOVE = YES;
				CLANG_WARN_UNGUARDED_AVAILABILITY = YES_AGGRESSIVE;
				CLANG_WARN_UNREACHABLE_CODE = YES;
				CLANG_WARN__DUPLICATE_METHOD_MATCH = YES;
				COPY_PHASE_STRIP = NO;
				DEBUG_INFORMATION_FORMAT = dwarf;
				ENABLE_STRICT_OBJC_MSGSEND = YES;
				ENABLE_TESTABILITY = YES;
				GCC_C_LANGUAGE_STANDARD = gnu11;
				GCC_DYNAMIC_NO_PIC = NO;
				GCC_NO_COMMON_BLOCKS = YES;
				GCC_OPTIMIZATION_LEVEL = 0;
				GCC_PREPROCESSOR_DEFINITIONS = (
					"DEBUG=1",
					"$(inherited)",
				);
				GCC_WARN_64_TO_32_BIT_CONVERSION = YES;
				GCC_WARN_ABOUT_RETURN_TYPE = YES_ERROR;
				GCC_WARN_UNDECLARED_SELECTOR = YES;
				GCC_WARN_UNINITIALIZED_AUTOS = YES_AGGRESSIVE;
				GCC_WARN_UNUSED_FUNCTION = YES;
				GCC_WARN_UNUSED_VARIABLE = YES;
				IPHONEOS_DEPLOYMENT_TARGET = 16.4;
				MTL_ENABLE_DEBUG_INFO = INCLUDE_SOURCE;
				MTL_FAST_MATH = YES;
				ONLY_ACTIVE_ARCH = YES;
				SDKROOT = iphoneos;
				SWIFT_ACTIVE_COMPILATION_CONDITIONS = DEBUG;
				SWIFT_OPTIMIZATION_LEVEL = "-Onone";
			};
			name = Debug;
		};
		F7A629C52A6A0B4E00B00459 /* Release */ = {
			isa = XCBuildConfiguration;
			buildSettings = {
				ALWAYS_SEARCH_USER_PATHS = NO;
				CLANG_ANALYZER_NONNULL = YES;
				CLANG_ANALYZER_NUMBER_OBJECT_CONVERSION = YES_AGGRESSIVE;
				CLANG_CXX_LANGUAGE_STANDARD = "gnu++20";
				CLANG_ENABLE_MODULES = YES;
				CLANG_ENABLE_OBJC_ARC = YES;
				CLANG_ENABLE_OBJC_WEAK = YES;
				CLANG_WARN_BLOCK_CAPTURE_AUTORELEASING = YES;
				CLANG_WARN_BOOL_CONVERSION = YES;
				CLANG_WARN_COMMA = YES;
				CLANG_WARN_CONSTANT_CONVERSION = YES;
				CLANG_WARN_DEPRECATED_OBJC_IMPLEMENTATIONS = YES;
				CLANG_WARN_DIRECT_OBJC_ISA_USAGE = YES_ERROR;
				CLANG_WARN_DOCUMENTATION_COMMENTS = YES;
				CLANG_WARN_EMPTY_BODY = YES;
				CLANG_WARN_ENUM_CONVERSION = YES;
				CLANG_WARN_INFINITE_RECURSION = YES;
				CLANG_WARN_INT_CONVERSION = YES;
				CLANG_WARN_NON_LITERAL_NULL_CONVERSION = YES;
				CLANG_WARN_OBJC_IMPLICIT_RETAIN_SELF = YES;
				CLANG_WARN_OBJC_LITERAL_CONVERSION = YES;
				CLANG_WARN_OBJC_ROOT_CLASS = YES_ERROR;
				CLANG_WARN_QUOTED_INCLUDE_IN_FRAMEWORK_HEADER = YES;
				CLANG_WARN_RANGE_LOOP_ANALYSIS = YES;
				CLANG_WARN_STRICT_PROTOTYPES = YES;
				CLANG_WARN_SUSPICIOUS_MOVE = YES;
				CLANG_WARN_UNGUARDED_AVAILABILITY = YES_AGGRESSIVE;
				CLANG_WARN_UNREACHABLE_CODE = YES;
				CLANG_WARN__DUPLICATE_METHOD_MATCH = YES;
				COPY_PHASE_STRIP = NO;
				DEBUG_INFORMATION_FORMAT = "dwarf-with-dsym";
				ENABLE_NS_ASSERTIONS = NO;
				ENABLE_STRICT_OBJC_MSGSEND = YES;
				GCC_C_LANGUAGE_STANDARD = gnu11;
				GCC_NO_COMMON_BLOCKS = YES;
				GCC_WARN_64_TO_32_BIT_CONVERSION = YES;
				GCC_WARN_ABOUT_RETURN_TYPE = YES_ERROR;
				GCC_WARN_UNDECLARED_SELECTOR = YES;
				GCC_WARN_UNINITIALIZED_AUTOS = YES_AGGRESSIVE;
				GCC_WARN_UNUSED_FUNCTION = YES;
				GCC_WARN_UNUSED_VARIABLE = YES;
				IPHONEOS_DEPLOYMENT_TARGET = 16.4;
				MTL_ENABLE_DEBUG_INFO = NO;
				MTL_FAST_MATH = YES;
				SDKROOT = iphoneos;
				SWIFT_COMPILATION_MODE = wholemodule;
				SWIFT_OPTIMIZATION_LEVEL = "-O";
				VALIDATE_PRODUCT = YES;
			};
			name = Release;
		};
		F7A629C72A6A0B4E00B00459 /* Debug */ = {
			isa = XCBuildConfiguration;
			buildSettings = {
				ASSETCATALOG_COMPILER_APPICON_NAME = AppIcon;
				ASSETCATALOG_COMPILER_GLOBAL_ACCENT_COLOR_NAME = AccentColor;
				CODE_SIGN_STYLE = Automatic;
				CURRENT_PROJECT_VERSION = 1;
				DEVELOPMENT_ASSET_PATHS = "\"VolunTeen AZ/Preview Content\"";
				DEVELOPMENT_TEAM = 7V866U6VN4;
				ENABLE_PREVIEWS = YES;
				GENERATE_INFOPLIST_FILE = YES;
				INFOPLIST_KEY_UIApplicationSceneManifest_Generation = YES;
				INFOPLIST_KEY_UIApplicationSupportsIndirectInputEvents = YES;
				INFOPLIST_KEY_UILaunchScreen_Generation = YES;
				INFOPLIST_KEY_UISupportedInterfaceOrientations_iPad = "UIInterfaceOrientationPortrait UIInterfaceOrientationPortraitUpsideDown UIInterfaceOrientationLandscapeLeft UIInterfaceOrientationLandscapeRight";
				INFOPLIST_KEY_UISupportedInterfaceOrientations_iPhone = "UIInterfaceOrientationPortrait UIInterfaceOrientationLandscapeLeft UIInterfaceOrientationLandscapeRight";
				LD_RUNPATH_SEARCH_PATHS = (
					"$(inherited)",
					"@executable_path/Frameworks",
				);
				MARKETING_VERSION = 1.0;
				PRODUCT_BUNDLE_IDENTIFIER = "Nadia-Shovkovy.VolunTeen-AZ";
				PRODUCT_NAME = "$(TARGET_NAME)";
				SWIFT_EMIT_LOC_STRINGS = YES;
				SWIFT_VERSION = 5.0;
				TARGETED_DEVICE_FAMILY = "1,2";
			};
			name = Debug;
		};
		F7A629C82A6A0B4E00B00459 /* Release */ = {
			isa = XCBuildConfiguration;
			buildSettings = {
				ASSETCATALOG_COMPILER_APPICON_NAME = AppIcon;
				ASSETCATALOG_COMPILER_GLOBAL_ACCENT_COLOR_NAME = AccentColor;
				CODE_SIGN_STYLE = Automatic;
				CURRENT_PROJECT_VERSION = 1;
				DEVELOPMENT_ASSET_PATHS = "\"VolunTeen AZ/Preview Content\"";
				DEVELOPMENT_TEAM = 7V866U6VN4;
				ENABLE_PREVIEWS = YES;
				GENERATE_INFOPLIST_FILE = YES;
				INFOPLIST_KEY_UIApplicationSceneManifest_Generation = YES;
				INFOPLIST_KEY_UIApplicationSupportsIndirectInputEvents = YES;
				INFOPLIST_KEY_UILaunchScreen_Generation = YES;
				INFOPLIST_KEY_UISupportedInterfaceOrientations_iPad = "UIInterfaceOrientationPortrait UIInterfaceOrientationPortraitUpsideDown UIInterfaceOrientationLandscapeLeft UIInterfaceOrientationLandscapeRight";
				INFOPLIST_KEY_UISupportedInterfaceOrientations_iPhone = "UIInterfaceOrientationPortrait UIInterfaceOrientationLandscapeLeft UIInterfaceOrientationLandscapeRight";
				LD_RUNPATH_SEARCH_PATHS = (
					"$(inherited)",
					"@executable_path/Frameworks",
				);
				MARKETING_VERSION = 1.0;
				PRODUCT_BUNDLE_IDENTIFIER = "Nadia-Shovkovy.VolunTeen-AZ";
				PRODUCT_NAME = "$(TARGET_NAME)";
				SWIFT_EMIT_LOC_STRINGS = YES;
				SWIFT_VERSION = 5.0;
				TARGETED_DEVICE_FAMILY = "1,2";
			};
			name = Release;
		};
		F7A629CA2A6A0B4E00B00459 /* Debug */ = {
			isa = XCBuildConfiguration;
			buildSettings = {
				ALWAYS_EMBED_SWIFT_STANDARD_LIBRARIES = YES;
				BUNDLE_LOADER = "$(TEST_HOST)";
				CODE_SIGN_STYLE = Automatic;
				CURRENT_PROJECT_VERSION = 1;
				DEVELOPMENT_TEAM = 7V866U6VN4;
				GENERATE_INFOPLIST_FILE = YES;
				IPHONEOS_DEPLOYMENT_TARGET = 16.4;
				MARKETING_VERSION = 1.0;
				PRODUCT_BUNDLE_IDENTIFIER = "Nadia-Shovkovy.VolunTeen-AZTests";
				PRODUCT_NAME = "$(TARGET_NAME)";
				SWIFT_EMIT_LOC_STRINGS = NO;
				SWIFT_VERSION = 5.0;
				TARGETED_DEVICE_FAMILY = "1,2";
				TEST_HOST = "$(BUILT_PRODUCTS_DIR)/VolunTeen AZ.app/$(BUNDLE_EXECUTABLE_FOLDER_PATH)/VolunTeen AZ";
			};
			name = Debug;
		};
		F7A629CB2A6A0B4E00B00459 /* Release */ = {
			isa = XCBuildConfiguration;
			buildSettings = {
				ALWAYS_EMBED_SWIFT_STANDARD_LIBRARIES = YES;
				BUNDLE_LOADER = "$(TEST_HOST)";
				CODE_SIGN_STYLE = Automatic;
				CURRENT_PROJECT_VERSION = 1;
				DEVELOPMENT_TEAM = 7V866U6VN4;
				GENERATE_INFOPLIST_FILE = YES;
				IPHONEOS_DEPLOYMENT_TARGET = 16.4;
				MARKETING_VERSION = 1.0;
				PRODUCT_BUNDLE_IDENTIFIER = "Nadia-Shovkovy.VolunTeen-AZTests";
				PRODUCT_NAME = "$(TARGET_NAME)";
				SWIFT_EMIT_LOC_STRINGS = NO;
				SWIFT_VERSION = 5.0;
				TARGETED_DEVICE_FAMILY = "1,2";
				TEST_HOST = "$(BUILT_PRODUCTS_DIR)/VolunTeen AZ.app/$(BUNDLE_EXECUTABLE_FOLDER_PATH)/VolunTeen AZ";
			};
			name = Release;
		};
		F7A629CD2A6A0B4E00B00459 /* Debug */ = {
			isa = XCBuildConfiguration;
			buildSettings = {
				ALWAYS_EMBED_SWIFT_STANDARD_LIBRARIES = YES;
				CODE_SIGN_STYLE = Automatic;
				CURRENT_PROJECT_VERSION = 1;
				DEVELOPMENT_TEAM = 7V866U6VN4;
				GENERATE_INFOPLIST_FILE = YES;
				MARKETING_VERSION = 1.0;
				PRODUCT_BUNDLE_IDENTIFIER = "Nadia-Shovkovy.VolunTeen-AZUITests";
				PRODUCT_NAME = "$(TARGET_NAME)";
				SWIFT_EMIT_LOC_STRINGS = NO;
				SWIFT_VERSION = 5.0;
				TARGETED_DEVICE_FAMILY = "1,2";
				TEST_TARGET_NAME = "VolunTeen AZ";
			};
			name = Debug;
		};
		F7A629CE2A6A0B4E00B00459 /* Release */ = {
			isa = XCBuildConfiguration;
			buildSettings = {
				ALWAYS_EMBED_SWIFT_STANDARD_LIBRARIES = YES;
				CODE_SIGN_STYLE = Automatic;
				CURRENT_PROJECT_VERSION = 1;
				DEVELOPMENT_TEAM = 7V866U6VN4;
				GENERATE_INFOPLIST_FILE = YES;
				MARKETING_VERSION = 1.0;
				PRODUCT_BUNDLE_IDENTIFIER = "Nadia-Shovkovy.VolunTeen-AZUITests";
				PRODUCT_NAME = "$(TARGET_NAME)";
				SWIFT_EMIT_LOC_STRINGS = NO;
				SWIFT_VERSION = 5.0;
				TARGETED_DEVICE_FAMILY = "1,2";
				TEST_TARGET_NAME = "VolunTeen AZ";
			};
			name = Release;
		};
/* End XCBuildConfiguration section */

/* Begin XCConfigurationList section */
		F7A6299D2A6A0B4D00B00459 /* Build configuration list for PBXProject "VolunTeen AZ" */ = {
			isa = XCConfigurationList;
			buildConfigurations = (
				F7A629C42A6A0B4E00B00459 /* Debug */,
				F7A629C52A6A0B4E00B00459 /* Release */,
			);
			defaultConfigurationIsVisible = 0;
			defaultConfigurationName = Release;
		};
		F7A629C62A6A0B4E00B00459 /* Build configuration list for PBXNativeTarget "VolunTeen AZ" */ = {
			isa = XCConfigurationList;
			buildConfigurations = (
				F7A629C72A6A0B4E00B00459 /* Debug */,
				F7A629C82A6A0B4E00B00459 /* Release */,
			);
			defaultConfigurationIsVisible = 0;
			defaultConfigurationName = Release;
		};
		F7A629C92A6A0B4E00B00459 /* Build configuration list for PBXNativeTarget "VolunTeen AZTests" */ = {
			isa = XCConfigurationList;
			buildConfigurations = (
				F7A629CA2A6A0B4E00B00459 /* Debug */,
				F7A629CB2A6A0B4E00B00459 /* Release */,
			);
			defaultConfigurationIsVisible = 0;
			defaultConfigurationName = Release;
		};
		F7A629CC2A6A0B4E00B00459 /* Build configuration list for PBXNativeTarget "VolunTeen AZUITests" */ = {
			isa = XCConfigurationList;
			buildConfigurations = (
				F7A629CD2A6A0B4E00B00459 /* Debug */,
				F7A629CE2A6A0B4E00B00459 /* Release */,
			);
			defaultConfigurationIsVisible = 0;
			defaultConfigurationName = Release;
		};
/* End XCConfigurationList section */

/* Begin XCRemoteSwiftPackageReference section */
		F7A629F42A6C588200B00459 /* XCRemoteSwiftPackageReference "firebase-ios-sdk" */ = {
			isa = XCRemoteSwiftPackageReference;
			repositoryURL = "https://github.com/firebase/firebase-ios-sdk";
			requirement = {
				kind = upToNextMajorVersion;
				minimumVersion = 10.0.0;
			};
		};
/* End XCRemoteSwiftPackageReference section */

/* Begin XCSwiftPackageProductDependency section */
		F7A629F52A6C588200B00459 /* FirebaseAuth */ = {
			isa = XCSwiftPackageProductDependency;
			package = F7A629F42A6C588200B00459 /* XCRemoteSwiftPackageReference "firebase-ios-sdk" */;
			productName = FirebaseAuth;
		};
		F7A629F72A6C588200B00459 /* FirebaseFirestore */ = {
			isa = XCSwiftPackageProductDependency;
			package = F7A629F42A6C588200B00459 /* XCRemoteSwiftPackageReference "firebase-ios-sdk" */;
			productName = FirebaseFirestore;
		};
		F7A629F92A6C588200B00459 /* FirebaseFirestoreSwift */ = {
			isa = XCSwiftPackageProductDependency;
			package = F7A629F42A6C588200B00459 /* XCRemoteSwiftPackageReference "firebase-ios-sdk" */;
			productName = FirebaseFirestoreSwift;
		};
		F7A629FB2A6C588300B00459 /* FirebaseStorage */ = {
			isa = XCSwiftPackageProductDependency;
			package = F7A629F42A6C588200B00459 /* XCRemoteSwiftPackageReference "firebase-ios-sdk" */;
			productName = FirebaseStorage;
		};
/* End XCSwiftPackageProductDependency section */
	};
	rootObject = F7A6299A2A6A0B4D00B00459 /* Project object */;
}
